
Microsoft Visual Studio Solution File, Format Version 12.00
# Visual Studio 14
VisualStudioVersion = 14.0.25420.1
MinimumVisualStudioVersion = 10.0.40219.1
Project("{FAE04EC0-301F-11D3-BF4B-00C04F79EFBC}") = "GetAway", "GetAway\GetAway.csproj", "{78E24173-384D-4950-9284-F37872FDA796}"
EndProject
Project("{FAE04EC0-301F-11D3-BF4B-00C04F79EFBC}") = "GetAway.Tests", "GetAway.Tests\GetAway.Tests.csproj", "{160392D7-993A-4256-8074-FA6FEB0D10A5}"
EndProject
Global
	GlobalSection(SolutionConfigurationPlatforms) = preSolution
		Debug|Any CPU = Debug|Any CPU
		Release|Any CPU = Release|Any CPU
	EndGlobalSection
	GlobalSection(ProjectConfigurationPlatforms) = postSolution
		{78E24173-384D-4950-9284-F37872FDA796}.Debug|Any CPU.ActiveCfg = Debug|Any CPU
		{78E24173-384D-4950-9284-F37872FDA796}.Debug|Any CPU.Build.0 = Debug|Any CPU
		{78E24173-384D-4950-9284-F37872FDA796}.Release|Any CPU.ActiveCfg = Release|Any CPU
		{78E24173-384D-4950-9284-F37872FDA796}.Release|Any CPU.Build.0 = Release|Any CPU
		{160392D7-993A-4256-8074-FA6FEB0D10A5}.Debug|Any CPU.ActiveCfg = Debug|Any CPU
		{160392D7-993A-4256-8074-FA6FEB0D10A5}.Debug|Any CPU.Build.0 = Debug|Any CPU
		{160392D7-993A-4256-8074-FA6FEB0D10A5}.Release|Any CPU.ActiveCfg = Release|Any CPU
		{160392D7-993A-4256-8074-FA6FEB0D10A5}.Release|Any CPU.Build.0 = Release|Any CPU
	EndGlobalSection
	GlobalSection(SolutionProperties) = preSolution
		HideSolutionNode = FALSE
	EndGlobalSection
EndGlobal
